
Microsoft Visual Studio Solution File, Format Version 12.00
# Visual Studio Version 16
VisualStudioVersion = 16.0.29613.14
MinimumVisualStudioVersion = 10.0.40219.1
Project("{9A19103F-16F7-4668-BE54-9A1E7A4F7556}") = "CrudHub.WebApi", "CrudHub.WebApi\CrudHub.WebApi.csproj", "{1E489A9B-7873-4194-8257-E0E799989D70}"
EndProject
Project("{9A19103F-16F7-4668-BE54-9A1E7A4F7556}") = "CrudHub.WebClient", "CrudHub.WebClient\CrudHub.WebClient.csproj", "{3148F274-6914-494A-B410-A1E1B082B907}"
EndProject
Global
	GlobalSection(SolutionConfigurationPlatforms) = preSolution
		Debug|Any CPU = Debug|Any CPU
		Release|Any CPU = Release|Any CPU
	EndGlobalSection
	GlobalSection(ProjectConfigurationPlatforms) = postSolution
		{1E489A9B-7873-4194-8257-E0E799989D70}.Debug|Any CPU.ActiveCfg = Debug|Any CPU
		{1E489A9B-7873-4194-8257-E0E799989D70}.Debug|Any CPU.Build.0 = Debug|Any CPU
		{1E489A9B-7873-4194-8257-E0E799989D70}.Release|Any CPU.ActiveCfg = Release|Any CPU
		{1E489A9B-7873-4194-8257-E0E799989D70}.Release|Any CPU.Build.0 = Release|Any CPU
		{3148F274-6914-494A-B410-A1E1B082B907}.Debug|Any CPU.ActiveCfg = Debug|Any CPU
		{3148F274-6914-494A-B410-A1E1B082B907}.Debug|Any CPU.Build.0 = Debug|Any CPU
		{3148F274-6914-494A-B410-A1E1B082B907}.Release|Any CPU.ActiveCfg = Release|Any CPU
		{3148F274-6914-494A-B410-A1E1B082B907}.Release|Any CPU.Build.0 = Release|Any CPU
	EndGlobalSection
	GlobalSection(SolutionProperties) = preSolution
		HideSolutionNode = FALSE
	EndGlobalSection
	GlobalSection(ExtensibilityGlobals) = postSolution
		SolutionGuid = {A9B064A1-6B45-4D77-A5AC-BDBB114ABA9E}
	EndGlobalSection
EndGlobal
